// !$*UTF8*$!
{
	archiveVersion = 1;
	classes = {
	};
	objectVersion = 50;
	objects = {

/* Begin PBXBuildFile section */
		A6007C3C23923E9900456681 /* AppDelegate.swift in Sources */ = {isa = PBXBuildFile; fileRef = A6007C3B23923E9900456681 /* AppDelegate.swift */; };
		A6007C3E23923E9900456681 /* SceneDelegate.swift in Sources */ = {isa = PBXBuildFile; fileRef = A6007C3D23923E9900456681 /* SceneDelegate.swift */; };
		A6007C4023923E9900456681 /* ViewController.swift in Sources */ = {isa = PBXBuildFile; fileRef = A6007C3F23923E9900456681 /* ViewController.swift */; };
		A6007C4323923E9900456681 /* Main.storyboard in Resources */ = {isa = PBXBuildFile; fileRef = A6007C4123923E9900456681 /* Main.storyboard */; };
		A6007C4523923E9D00456681 /* Assets.xcassets in Resources */ = {isa = PBXBuildFile; fileRef = A6007C4423923E9D00456681 /* Assets.xcassets */; };
		A6007C4823923E9D00456681 /* LaunchScreen.storyboard in Resources */ = {isa = PBXBuildFile; fileRef = A6007C4623923E9D00456681 /* LaunchScreen.storyboard */; };
		A6007C5023932A5800456681 /* GoogleService-Info.plist in Resources */ = {isa = PBXBuildFile; fileRef = A6007C4F23932A5700456681 /* GoogleService-Info.plist */; };
		A6007C5523932B8900456681 /* MulticastDelegate.swift in Sources */ = {isa = PBXBuildFile; fileRef = A6007C5423932B8900456681 /* MulticastDelegate.swift */; };
		A6007C5723932BB000456681 /* DatabaseProtocol.swift in Sources */ = {isa = PBXBuildFile; fileRef = A6007C5623932BB000456681 /* DatabaseProtocol.swift */; };
		A6007C5923932BCE00456681 /* FirebaseController.swift in Sources */ = {isa = PBXBuildFile; fileRef = A6007C5823932BCE00456681 /* FirebaseController.swift */; };
		A6007C5B23932C1100456681 /* Alert.swift in Sources */ = {isa = PBXBuildFile; fileRef = A6007C5A23932C1100456681 /* Alert.swift */; };
		AEF5B34A65EEA033870AD7B7 /* Pods_NavigateMyBank.framework in Frameworks */ = {isa = PBXBuildFile; fileRef = 2CDF278873C7D1D9BA17D835 /* Pods_NavigateMyBank.framework */; };
/* End PBXBuildFile section */

/* Begin PBXFileReference section */
		2CDF278873C7D1D9BA17D835 /* Pods_NavigateMyBank.framework */ = {isa = PBXFileReference; explicitFileType = wrapper.framework; includeInIndex = 0; path = Pods_NavigateMyBank.framework; sourceTree = BUILT_PRODUCTS_DIR; };
		3B7DF4AEDFEF73A3973E7AEC /* Pods-NavigateMyBank.release.xcconfig */ = {isa = PBXFileReference; includeInIndex = 1; lastKnownFileType = text.xcconfig; name = "Pods-NavigateMyBank.release.xcconfig"; path = "Target Support Files/Pods-NavigateMyBank/Pods-NavigateMyBank.release.xcconfig"; sourceTree = "<group>"; };
		A6007C3823923E9900456681 /* NavigateMyBank.app */ = {isa = PBXFileReference; explicitFileType = wrapper.application; includeInIndex = 0; path = NavigateMyBank.app; sourceTree = BUILT_PRODUCTS_DIR; };
		A6007C3B23923E9900456681 /* AppDelegate.swift */ = {isa = PBXFileReference; lastKnownFileType = sourcecode.swift; path = AppDelegate.swift; sourceTree = "<group>"; };
		A6007C3D23923E9900456681 /* SceneDelegate.swift */ = {isa = PBXFileReference; lastKnownFileType = sourcecode.swift; path = SceneDelegate.swift; sourceTree = "<group>"; };
		A6007C3F23923E9900456681 /* ViewController.swift */ = {isa = PBXFileReference; lastKnownFileType = sourcecode.swift; path = ViewController.swift; sourceTree = "<group>"; };
		A6007C4223923E9900456681 /* Base */ = {isa = PBXFileReference; lastKnownFileType = file.storyboard; name = Base; path = Base.lproj/Main.storyboard; sourceTree = "<group>"; };
		A6007C4423923E9D00456681 /* Assets.xcassets */ = {isa = PBXFileReference; lastKnownFileType = folder.assetcatalog; path = Assets.xcassets; sourceTree = "<group>"; };
		A6007C4723923E9D00456681 /* Base */ = {isa = PBXFileReference; lastKnownFileType = file.storyboard; name = Base; path = Base.lproj/LaunchScreen.storyboard; sourceTree = "<group>"; };
		A6007C4923923E9D00456681 /* Info.plist */ = {isa = PBXFileReference; lastKnownFileType = text.plist.xml; path = Info.plist; sourceTree = "<group>"; };
		A6007C4F23932A5700456681 /* GoogleService-Info.plist */ = {isa = PBXFileReference; fileEncoding = 4; lastKnownFileType = text.plist.xml; path = "GoogleService-Info.plist"; sourceTree = "<group>"; };
		A6007C5423932B8900456681 /* MulticastDelegate.swift */ = {isa = PBXFileReference; lastKnownFileType = sourcecode.swift; path = MulticastDelegate.swift; sourceTree = "<group>"; };
		A6007C5623932BB000456681 /* DatabaseProtocol.swift */ = {isa = PBXFileReference; lastKnownFileType = sourcecode.swift; path = DatabaseProtocol.swift; sourceTree = "<group>"; };
		A6007C5823932BCE00456681 /* FirebaseController.swift */ = {isa = PBXFileReference; lastKnownFileType = sourcecode.swift; path = FirebaseController.swift; sourceTree = "<group>"; };
		A6007C5A23932C1100456681 /* Alert.swift */ = {isa = PBXFileReference; lastKnownFileType = sourcecode.swift; path = Alert.swift; sourceTree = "<group>"; };
		E32D3E65A4A176C264CE482D /* Pods-NavigateMyBank.debug.xcconfig */ = {isa = PBXFileReference; includeInIndex = 1; lastKnownFileType = text.xcconfig; name = "Pods-NavigateMyBank.debug.xcconfig"; path = "Target Support Files/Pods-NavigateMyBank/Pods-NavigateMyBank.debug.xcconfig"; sourceTree = "<group>"; };
/* End PBXFileReference section */

/* Begin PBXFrameworksBuildPhase section */
		A6007C3523923E9900456681 /* Frameworks */ = {
			isa = PBXFrameworksBuildPhase;
			buildActionMask = 2147483647;
			files = (
				AEF5B34A65EEA033870AD7B7 /* Pods_NavigateMyBank.framework in Frameworks */,
			);
			runOnlyForDeploymentPostprocessing = 0;
		};
/* End PBXFrameworksBuildPhase section */

/* Begin PBXGroup section */
		2326A0FEE74A19514E171307 /* Pods */ = {
			isa = PBXGroup;
			children = (
				E32D3E65A4A176C264CE482D /* Pods-NavigateMyBank.debug.xcconfig */,
				3B7DF4AEDFEF73A3973E7AEC /* Pods-NavigateMyBank.release.xcconfig */,
			);
			name = Pods;
			path = Pods;
			sourceTree = "<group>";
		};
		70E6B85F422D811C86C90CE1 /* Frameworks */ = {
			isa = PBXGroup;
			children = (
				2CDF278873C7D1D9BA17D835 /* Pods_NavigateMyBank.framework */,
			);
			name = Frameworks;
			sourceTree = "<group>";
		};
		A6007C2F23923E9900456681 = {
			isa = PBXGroup;
			children = (
				A6007C3A23923E9900456681 /* NavigateMyBank */,
				A6007C3923923E9900456681 /* Products */,
				2326A0FEE74A19514E171307 /* Pods */,
				70E6B85F422D811C86C90CE1 /* Frameworks */,
			);
			sourceTree = "<group>";
		};
		A6007C3923923E9900456681 /* Products */ = {
			isa = PBXGroup;
			children = (
				A6007C3823923E9900456681 /* NavigateMyBank.app */,
			);
			name = Products;
			sourceTree = "<group>";
		};
		A6007C3A23923E9900456681 /* NavigateMyBank */ = {
			isa = PBXGroup;
			children = (
				A6007C5123932A9900456681 /* Database */,
				A6007C4F23932A5700456681 /* GoogleService-Info.plist */,
				A6007C3B23923E9900456681 /* AppDelegate.swift */,
				A6007C3D23923E9900456681 /* SceneDelegate.swift */,
				A6007C3F23923E9900456681 /* ViewController.swift */,
				A6007C4123923E9900456681 /* Main.storyboard */,
				A6007C4423923E9D00456681 /* Assets.xcassets */,
				A6007C4623923E9D00456681 /* LaunchScreen.storyboard */,
				A6007C4923923E9D00456681 /* Info.plist */,
				A6007C5A23932C1100456681 /* Alert.swift */,
			);
			path = NavigateMyBank;
			sourceTree = "<group>";
		};
		A6007C5123932A9900456681 /* Database */ = {
			isa = PBXGroup;
			children = (
				A6007C5423932B8900456681 /* MulticastDelegate.swift */,
				A6007C5623932BB000456681 /* DatabaseProtocol.swift */,
				A6007C5823932BCE00456681 /* FirebaseController.swift */,
			);
			path = Database;
			sourceTree = "<group>";
		};
/* End PBXGroup section */

/* Begin PBXNativeTarget section */
		A6007C3723923E9900456681 /* NavigateMyBank */ = {
			isa = PBXNativeTarget;
			buildConfigurationList = A6007C4C23923E9D00456681 /* Build configuration list for PBXNativeTarget "NavigateMyBank" */;
			buildPhases = (
				F4DA0DCE4FB5115DB4C51AF6 /* [CP] Check Pods Manifest.lock */,
				A6007C3423923E9900456681 /* Sources */,
				A6007C3523923E9900456681 /* Frameworks */,
				A6007C3623923E9900456681 /* Resources */,
				BB6239DAB567FB887B0AB352 /* [CP] Embed Pods Frameworks */,
			);
			buildRules = (
			);
			dependencies = (
			);
			name = NavigateMyBank;
			productName = NavigateMyBank;
			productReference = A6007C3823923E9900456681 /* NavigateMyBank.app */;
			productType = "com.apple.product-type.application";
		};
/* End PBXNativeTarget section */

/* Begin PBXProject section */
		A6007C3023923E9900456681 /* Project object */ = {
			isa = PBXProject;
			attributes = {
				LastSwiftUpdateCheck = 1120;
				LastUpgradeCheck = 1120;
				ORGANIZATIONNAME = "Hasan Qasim";
				TargetAttributes = {
					A6007C3723923E9900456681 = {
						CreatedOnToolsVersion = 11.2.1;
					};
				};
			};
			buildConfigurationList = A6007C3323923E9900456681 /* Build configuration list for PBXProject "NavigateMyBank" */;
			compatibilityVersion = "Xcode 9.3";
			developmentRegion = en;
			hasScannedForEncodings = 0;
			knownRegions = (
				en,
				Base,
			);
			mainGroup = A6007C2F23923E9900456681;
			productRefGroup = A6007C3923923E9900456681 /* Products */;
			projectDirPath = "";
			projectRoot = "";
			targets = (
				A6007C3723923E9900456681 /* NavigateMyBank */,
			);
		};
/* End PBXProject section */

/* Begin PBXResourcesBuildPhase section */
		A6007C3623923E9900456681 /* Resources */ = {
			isa = PBXResourcesBuildPhase;
			buildActionMask = 2147483647;
			files = (
				A6007C4823923E9D00456681 /* LaunchScreen.storyboard in Resources */,
				A6007C5023932A5800456681 /* GoogleService-Info.plist in Resources */,
				A6007C4523923E9D00456681 /* Assets.xcassets in Resources */,
				A6007C4323923E9900456681 /* Main.storyboard in Resources */,
			);
			runOnlyForDeploymentPostprocessing = 0;
		};
/* End PBXResourcesBuildPhase section */

/* Begin PBXShellScriptBuildPhase section */
		BB6239DAB567FB887B0AB352 /* [CP] Embed Pods Frameworks */ = {
			isa = PBXShellScriptBuildPhase;
			buildActionMask = 2147483647;
			files = (
			);
			inputFileListPaths = (
				"${PODS_ROOT}/Target Support Files/Pods-NavigateMyBank/Pods-NavigateMyBank-frameworks-${CONFIGURATION}-input-files.xcfilelist",
			);
			name = "[CP] Embed Pods Frameworks";
			outputFileListPaths = (
				"${PODS_ROOT}/Target Support Files/Pods-NavigateMyBank/Pods-NavigateMyBank-frameworks-${CONFIGURATION}-output-files.xcfilelist",
			);
			runOnlyForDeploymentPostprocessing = 0;
			shellPath = /bin/sh;
			shellScript = "\"${PODS_ROOT}/Target Support Files/Pods-NavigateMyBank/Pods-NavigateMyBank-frameworks.sh\"\n";
			showEnvVarsInLog = 0;
		};
		F4DA0DCE4FB5115DB4C51AF6 /* [CP] Check Pods Manifest.lock */ = {
			isa = PBXShellScriptBuildPhase;
			buildActionMask = 2147483647;
			files = (
			);
			inputFileListPaths = (
			);
			inputPaths = (
				"${PODS_PODFILE_DIR_PATH}/Podfile.lock",
				"${PODS_ROOT}/Manifest.lock",
			);
			name = "[CP] Check Pods Manifest.lock";
			outputFileListPaths = (
			);
			outputPaths = (
				"$(DERIVED_FILE_DIR)/Pods-NavigateMyBank-checkManifestLockResult.txt",
			);
			runOnlyForDeploymentPostprocessing = 0;
			shellPath = /bin/sh;
			shellScript = "diff \"${PODS_PODFILE_DIR_PATH}/Podfile.lock\" \"${PODS_ROOT}/Manifest.lock\" > /dev/null\nif [ $? != 0 ] ; then\n    # print error to STDERR\n    echo \"error: The sandbox is not in sync with the Podfile.lock. Run 'pod install' or update your CocoaPods installation.\" >&2\n    exit 1\nfi\n# This output is used by Xcode 'outputs' to avoid re-running this script phase.\necho \"SUCCESS\" > \"${SCRIPT_OUTPUT_FILE_0}\"\n";
			showEnvVarsInLog = 0;
		};
/* End PBXShellScriptBuildPhase section */

/* Begin PBXSourcesBuildPhase section */
		A6007C3423923E9900456681 /* Sources */ = {
			isa = PBXSourcesBuildPhase;
			buildActionMask = 2147483647;
			files = (
				A6007C5923932BCE00456681 /* FirebaseController.swift in Sources */,
				A6007C4023923E9900456681 /* ViewController.swift in Sources */,
				A6007C3C23923E9900456681 /* AppDelegate.swift in Sources */,
				A6007C3E23923E9900456681 /* SceneDelegate.swift in Sources */,
				A6007C5523932B8900456681 /* MulticastDelegate.swift in Sources */,
				A6007C5723932BB000456681 /* DatabaseProtocol.swift in Sources */,
				A6007C5B23932C1100456681 /* Alert.swift in Sources */,
			);
			runOnlyForDeploymentPostprocessing = 0;
		};
/* End PBXSourcesBuildPhase section */

/* Begin PBXVariantGroup section */
		A6007C4123923E9900456681 /* Main.storyboard */ = {
			isa = PBXVariantGroup;
			children = (
				A6007C4223923E9900456681 /* Base */,
			);
			name = Main.storyboard;
			sourceTree = "<group>";
		};
		A6007C4623923E9D00456681 /* LaunchScreen.storyboard */ = {
			isa = PBXVariantGroup;
			children = (
				A6007C4723923E9D00456681 /* Base */,
			);
			name = LaunchScreen.storyboard;
			sourceTree = "<group>";
		};
/* End PBXVariantGroup section */

/* Begin XCBuildConfiguration section */
		A6007C4A23923E9D00456681 /* Debug */ = {
			isa = XCBuildConfiguration;
			buildSettings = {
				ALWAYS_SEARCH_USER_PATHS = NO;
				CLANG_ANALYZER_NONNULL = YES;
				CLANG_ANALYZER_NUMBER_OBJECT_CONVERSION = YES_AGGRESSIVE;
				CLANG_CXX_LANGUAGE_STANDARD = "gnu++14";
				CLANG_CXX_LIBRARY = "libc++";
				CLANG_ENABLE_MODULES = YES;
				CLANG_ENABLE_OBJC_ARC = YES;
				CLANG_ENABLE_OBJC_WEAK = YES;
				CLANG_WARN_BLOCK_CAPTURE_AUTORELEASING = YES;
				CLANG_WARN_BOOL_CONVERSION = YES;
				CLANG_WARN_COMMA = YES;
				CLANG_WARN_CONSTANT_CONVERSION = YES;
				CLANG_WARN_DEPRECATED_OBJC_IMPLEMENTATIONS = YES;
				CLANG_WARN_DIRECT_OBJC_ISA_USAGE = YES_ERROR;
				CLANG_WARN_DOCUMENTATION_COMMENTS = YES;
				CLANG_WARN_EMPTY_BODY = YES;
				CLANG_WARN_ENUM_CONVERSION = YES;
				CLANG_WARN_INFINITE_RECURSION = YES;
				CLANG_WARN_INT_CONVERSION = YES;
				CLANG_WARN_NON_LITERAL_NULL_CONVERSION = YES;
				CLANG_WARN_OBJC_IMPLICIT_RETAIN_SELF = YES;
				CLANG_WARN_OBJC_LITERAL_CONVERSION = YES;
				CLANG_WARN_OBJC_ROOT_CLASS = YES_ERROR;
				CLANG_WARN_RANGE_LOOP_ANALYSIS = YES;
				CLANG_WARN_STRICT_PROTOTYPES = YES;
				CLANG_WARN_SUSPICIOUS_MOVE = YES;
				CLANG_WARN_UNGUARDED_AVAILABILITY = YES_AGGRESSIVE;
				CLANG_WARN_UNREACHABLE_CODE = YES;
				CLANG_WARN__DUPLICATE_METHOD_MATCH = YES;
				COPY_PHASE_STRIP = NO;
				DEBUG_INFORMATION_FORMAT = dwarf;
				ENABLE_STRICT_OBJC_MSGSEND = YES;
				ENABLE_TESTABILITY = YES;
				GCC_C_LANGUAGE_STANDARD = gnu11;
				GCC_DYNAMIC_NO_PIC = NO;
				GCC_NO_COMMON_BLOCKS = YES;
				GCC_OPTIMIZATION_LEVEL = 0;
				GCC_PREPROCESSOR_DEFINITIONS = (
					"DEBUG=1",
					"$(inherited)",
				);
				GCC_WARN_64_TO_32_BIT_CONVERSION = YES;
				GCC_WARN_ABOUT_RETURN_TYPE = YES_ERROR;
				GCC_WARN_UNDECLARED_SELECTOR = YES;
				GCC_WARN_UNINITIALIZED_AUTOS = YES_AGGRESSIVE;
				GCC_WARN_UNUSED_FUNCTION = YES;
				GCC_WARN_UNUSED_VARIABLE = YES;
				IPHONEOS_DEPLOYMENT_TARGET = 13.2;
				MTL_ENABLE_DEBUG_INFO = INCLUDE_SOURCE;
				MTL_FAST_MATH = YES;
				ONLY_ACTIVE_ARCH = YES;
				SDKROOT = iphoneos;
				SWIFT_ACTIVE_COMPILATION_CONDITIONS = DEBUG;
				SWIFT_OPTIMIZATION_LEVEL = "-Onone";
			};
			name = Debug;
		};
		A6007C4B23923E9D00456681 /* Release */ = {
			isa = XCBuildConfiguration;
			buildSettings = {
				ALWAYS_SEARCH_USER_PATHS = NO;
				CLANG_ANALYZER_NONNULL = YES;
				CLANG_ANALYZER_NUMBER_OBJECT_CONVERSION = YES_AGGRESSIVE;
				CLANG_CXX_LANGUAGE_STANDARD = "gnu++14";
				CLANG_CXX_LIBRARY = "libc++";
				CLANG_ENABLE_MODULES = YES;
				CLANG_ENABLE_OBJC_ARC = YES;
				CLANG_ENABLE_OBJC_WEAK = YES;
				CLANG_WARN_BLOCK_CAPTURE_AUTORELEASING = YES;
				CLANG_WARN_BOOL_CONVERSION = YES;
				CLANG_WARN_COMMA = YES;
				CLANG_WARN_CONSTANT_CONVERSION = YES;
				CLANG_WARN_DEPRECATED_OBJC_IMPLEMENTATIONS = YES;
				CLANG_WARN_DIRECT_OBJC_ISA_USAGE = YES_ERROR;
				CLANG_WARN_DOCUMENTATION_COMMENTS = YES;
				CLANG_WARN_EMPTY_BODY = YES;
				CLANG_WARN_ENUM_CONVERSION = YES;
				CLANG_WARN_INFINITE_RECURSION = YES;
				CLANG_WARN_INT_CONVERSION = YES;
				CLANG_WARN_NON_LITERAL_NULL_CONVERSION = YES;
				CLANG_WARN_OBJC_IMPLICIT_RETAIN_SELF = YES;
				CLANG_WARN_OBJC_LITERAL_CONVERSION = YES;
				CLANG_WARN_OBJC_ROOT_CLASS = YES_ERROR;
				CLANG_WARN_RANGE_LOOP_ANALYSIS = YES;
				CLANG_WARN_STRICT_PROTOTYPES = YES;
				CLANG_WARN_SUSPICIOUS_MOVE = YES;
				CLANG_WARN_UNGUARDED_AVAILABILITY = YES_AGGRESSIVE;
				CLANG_WARN_UNREACHABLE_CODE = YES;
				CLANG_WARN__DUPLICATE_METHOD_MATCH = YES;
				COPY_PHASE_STRIP = NO;
				DEBUG_INFORMATION_FORMAT = "dwarf-with-dsym";
				ENABLE_NS_ASSERTIONS = NO;
				ENABLE_STRICT_OBJC_MSGSEND = YES;
				GCC_C_LANGUAGE_STANDARD = gnu11;
				GCC_NO_COMMON_BLOCKS = YES;
				GCC_WARN_64_TO_32_BIT_CONVERSION = YES;
				GCC_WARN_ABOUT_RETURN_TYPE = YES_ERROR;
				GCC_WARN_UNDECLARED_SELECTOR = YES;
				GCC_WARN_UNINITIALIZED_AUTOS = YES_AGGRESSIVE;
				GCC_WARN_UNUSED_FUNCTION = YES;
				GCC_WARN_UNUSED_VARIABLE = YES;
				IPHONEOS_DEPLOYMENT_TARGET = 13.2;
				MTL_ENABLE_DEBUG_INFO = NO;
				MTL_FAST_MATH = YES;
				SDKROOT = iphoneos;
				SWIFT_COMPILATION_MODE = wholemodule;
				SWIFT_OPTIMIZATION_LEVEL = "-O";
				VALIDATE_PRODUCT = YES;
			};
			name = Release;
		};
		A6007C4D23923E9D00456681 /* Debug */ = {
			isa = XCBuildConfiguration;
			baseConfigurationReference = E32D3E65A4A176C264CE482D /* Pods-NavigateMyBank.debug.xcconfig */;
			buildSettings = {
				ASSETCATALOG_COMPILER_APPICON_NAME = AppIcon;
				CODE_SIGN_STYLE = Automatic;
				DEVELOPMENT_TEAM = 2B9H3895JF;
				INFOPLIST_FILE = NavigateMyBank/Info.plist;
				LD_RUNPATH_SEARCH_PATHS = (
					"$(inherited)",
					"@executable_path/Frameworks",
				);
				PRODUCT_BUNDLE_IDENTIFIER = edu.monash.NavigateMyBank;
				PRODUCT_NAME = "$(TARGET_NAME)";
				SWIFT_VERSION = 5.0;
				TARGETED_DEVICE_FAMILY = "1,2";
			};
			name = Debug;
		};
		A6007C4E23923E9D00456681 /* Release */ = {
			isa = XCBuildConfiguration;
			baseConfigurationReference = 3B7DF4AEDFEF73A3973E7AEC /* Pods-NavigateMyBank.release.xcconfig */;
			buildSettings = {
				ASSETCATALOG_COMPILER_APPICON_NAME = AppIcon;
				CODE_SIGN_STYLE = Automatic;
				DEVELOPMENT_TEAM = 2B9H3895JF;
				INFOPLIST_FILE = NavigateMyBank/Info.plist;
				LD_RUNPATH_SEARCH_PATHS = (
					"$(inherited)",
					"@executable_path/Frameworks",
				);
				PRODUCT_BUNDLE_IDENTIFIER = edu.monash.NavigateMyBank;
				PRODUCT_NAME = "$(TARGET_NAME)";
				SWIFT_VERSION = 5.0;
				TARGETED_DEVICE_FAMILY = "1,2";
			};
			name = Release;
		};
/* End XCBuildConfiguration section */

/* Begin XCConfigurationList section */
		A6007C3323923E9900456681 /* Build configuration list for PBXProject "NavigateMyBank" */ = {
			isa = XCConfigurationList;
			buildConfigurations = (
				A6007C4A23923E9D00456681 /* Debug */,
				A6007C4B23923E9D00456681 /* Release */,
			);
			defaultConfigurationIsVisible = 0;
			defaultConfigurationName = Release;
		};
		A6007C4C23923E9D00456681 /* Build configuration list for PBXNativeTarget "NavigateMyBank" */ = {
			isa = XCConfigurationList;
			buildConfigurations = (
				A6007C4D23923E9D00456681 /* Debug */,
				A6007C4E23923E9D00456681 /* Release */,
			);
			defaultConfigurationIsVisible = 0;
			defaultConfigurationName = Release;
		};
/* End XCConfigurationList section */
	};
	rootObject = A6007C3023923E9900456681 /* Project object */;
}
